Microsoft Visual Studio Solution File, Format Version 12.00
# Visual Studio Version 17
VisualStudioVersion = 17.5.2.0
MinimumVisualStudioVersion = 10.0.40219.1
Project("{FAE04EC0-301F-11D3-BF4B-00C04F79EFBC}") = "SmsApi", "SmsApi\SmsApi.csproj", "{12F1B2F1-4103-6AC9-01F3-4BD9A8D727C0}"
EndProject
Global
	GlobalSection(SolutionConfigurationPlatforms) = preSolution
		Debug|Any CPU = Debug|Any CPU
		Release|Any CPU = Release|Any CPU
	EndGlobalSection
	GlobalSection(ProjectConfigurationPlatforms) = postSolution
		{12F1B2F1-4103-6AC9-01F3-4BD9A8D727C0}.Debug|Any CPU.ActiveCfg = Debug|Any CPU
		{12F1B2F1-4103-6AC9-01F3-4BD9A8D727C0}.Debug|Any CPU.Build.0 = Debug|Any CPU
		{12F1B2F1-4103-6AC9-01F3-4BD9A8D727C0}.Release|Any CPU.ActiveCfg = Release|Any CPU
		{12F1B2F1-4103-6AC9-01F3-4BD9A8D727C0}.Release|Any CPU.Build.0 = Release|Any CPU
	EndGlobalSection
	GlobalSection(SolutionProperties) = preSolution
		HideSolutionNode = FALSE
	EndGlobalSection
	GlobalSection(ExtensibilityGlobals) = postSolution
		SolutionGuid = {CC2303CA-DF9E-4899-A536-547BE82552E8}
	EndGlobalSection
EndGlobal
